// !$*UTF8*$!
{
	archiveVersion = 1;
	classes = {
	};
	objectVersion = 46;
	objects = {

/* Begin PBXBuildFile section */
		220D699915DC248300CCC17C /* ECConfig.framework in CopyFiles */ = {isa = PBXBuildFile; fileRef = 2251BBAD15DC1B4E00F2FE40 /* ECConfig.framework */; };
		220D699A15DC248300CCC17C /* ECUnitTests.framework in CopyFiles */ = {isa = PBXBuildFile; fileRef = 2251BBA615DC18ED00F2FE40 /* ECUnitTests.framework */; };
		220D699C15DC50CE00CCC17C /* ECUnitTests.framework in Frameworks */ = {isa = PBXBuildFile; fileRef = 2251BBA615DC18ED00F2FE40 /* ECUnitTests.framework */; };
		220D699D15DC510900CCC17C /* ECOAuthConsumer.framework in CopyFiles */ = {isa = PBXBuildFile; fileRef = 2251B9FF15DBCC3E00F2FE40 /* ECOAuthConsumer.framework */; };
		22339C3915DEC1C60017BC6B /* ECOAuthConsumer.framework in Frameworks */ = {isa = PBXBuildFile; fileRef = 2251BA1215DBCC4A00F2FE40 /* ECOAuthConsumer.framework */; };
		22339C3A15DEC1E30017BC6B /* ECUnitTests.framework in Frameworks */ = {isa = PBXBuildFile; fileRef = 2251BBA615DC18ED00F2FE40 /* ECUnitTests.framework */; };
		2251BA0015DBCC3E00F2FE40 /* Cocoa.framework in Frameworks */ = {isa = PBXBuildFile; fileRef = 2283A3BB14F52E93009142F7 /* Cocoa.framework */; };
		2251BA6415DBD9A600F2FE40 /* ECOAuthConsumer.framework in Frameworks */ = {isa = PBXBuildFile; fileRef = 2251B9FF15DBCC3E00F2FE40 /* ECOAuthConsumer.framework */; };
		2268499E14F5720600B8691A /* SenTestingKit.framework in Frameworks */ = {isa = PBXBuildFile; fileRef = 2283A3CD14F52E93009142F7 /* SenTestingKit.framework */; };
		2268499F14F5722300B8691A /* Cocoa.framework in Frameworks */ = {isa = PBXBuildFile; fileRef = 2283A3BB14F52E93009142F7 /* Cocoa.framework */; };
		2274B38E14F56896003B8A0B /* SenTestingKit.framework in Frameworks */ = {isa = PBXBuildFile; fileRef = 2283A3CD14F52E93009142F7 /* SenTestingKit.framework */; };
		2274B39014F56896003B8A0B /* UIKit.framework in Frameworks */ = {isa = PBXBuildFile; fileRef = 2274B38F14F56896003B8A0B /* UIKit.framework */; };
		2274B39114F56896003B8A0B /* Foundation.framework in Frameworks */ = {isa = PBXBuildFile; fileRef = 2237ECE314F5644C00085BF5 /* Foundation.framework */; };
		22F08D4315E61B40003E8456 /* NSMutableURLRequest+Parameters.h in Headers */ = {isa = PBXBuildFile; fileRef = 22F08D1A15E61B40003E8456 /* NSMutableURLRequest+Parameters.h */; settings = {ATTRIBUTES = (Public, ); }; };
		22F08D4415E61B40003E8456 /* NSMutableURLRequest+Parameters.h in Headers */ = {isa = PBXBuildFile; fileRef = 22F08D1A15E61B40003E8456 /* NSMutableURLRequest+Parameters.h */; };
		22F08D4515E61B40003E8456 /* NSMutableURLRequest+Parameters.m in Sources */ = {isa = PBXBuildFile; fileRef = 22F08D1B15E61B40003E8456 /* NSMutableURLRequest+Parameters.m */; };
		22F08D4615E61B40003E8456 /* NSMutableURLRequest+Parameters.m in Sources */ = {isa = PBXBuildFile; fileRef = 22F08D1B15E61B40003E8456 /* NSMutableURLRequest+Parameters.m */; };
		22F08D4715E61B40003E8456 /* NSString+URLEncoding.h in Headers */ = {isa = PBXBuildFile; fileRef = 22F08D1C15E61B40003E8456 /* NSString+URLEncoding.h */; settings = {ATTRIBUTES = (Public, ); }; };
		22F08D4815E61B40003E8456 /* NSString+URLEncoding.h in Headers */ = {isa = PBXBuildFile; fileRef = 22F08D1C15E61B40003E8456 /* NSString+URLEncoding.h */; };
		22F08D4915E61B40003E8456 /* NSString+URLEncoding.m in Sources */ = {isa = PBXBuildFile; fileRef = 22F08D1D15E61B40003E8456 /* NSString+URLEncoding.m */; };
		22F08D4A15E61B40003E8456 /* NSString+URLEncoding.m in Sources */ = {isa = PBXBuildFile; fileRef = 22F08D1D15E61B40003E8456 /* NSString+URLEncoding.m */; };
		22F08D4B15E61B40003E8456 /* NSURL+Base.h in Headers */ = {isa = PBXBuildFile; fileRef = 22F08D1E15E61B40003E8456 /* NSURL+Base.h */; settings = {ATTRIBUTES = (Public, ); }; };
		22F08D4C15E61B40003E8456 /* NSURL+Base.h in Headers */ = {isa = PBXBuildFile; fileRef = 22F08D1E15E61B40003E8456 /* NSURL+Base.h */; };
		22F08D4D15E61B40003E8456 /* NSURL+Base.m in Sources */ = {isa = PBXBuildFile; fileRef = 22F08D1F15E61B40003E8456 /* NSURL+Base.m */; };
		22F08D4E15E61B40003E8456 /* NSURL+Base.m in Sources */ = {isa = PBXBuildFile; fileRef = 22F08D1F15E61B40003E8456 /* NSURL+Base.m */; };
		22F08D4F15E61B40003E8456 /* Base64Transcoder.c in Sources */ = {isa = PBXBuildFile; fileRef = 22F08D2115E61B40003E8456 /* Base64Transcoder.c */; };
		22F08D5015E61B40003E8456 /* Base64Transcoder.c in Sources */ = {isa = PBXBuildFile; fileRef = 22F08D2115E61B40003E8456 /* Base64Transcoder.c */; };
		22F08D5115E61B40003E8456 /* Base64Transcoder.h in Headers */ = {isa = PBXBuildFile; fileRef = 22F08D2215E61B40003E8456 /* Base64Transcoder.h */; settings = {ATTRIBUTES = (Public, ); }; };
		22F08D5215E61B40003E8456 /* Base64Transcoder.h in Headers */ = {isa = PBXBuildFile; fileRef = 22F08D2215E61B40003E8456 /* Base64Transcoder.h */; };
		22F08D5315E61B40003E8456 /* hmac.c in Sources */ = {isa = PBXBuildFile; fileRef = 22F08D2315E61B40003E8456 /* hmac.c */; };
		22F08D5415E61B40003E8456 /* hmac.c in Sources */ = {isa = PBXBuildFile; fileRef = 22F08D2315E61B40003E8456 /* hmac.c */; };
		22F08D5515E61B40003E8456 /* hmac.h in Headers */ = {isa = PBXBuildFile; fileRef = 22F08D2415E61B40003E8456 /* hmac.h */; settings = {ATTRIBUTES = (Public, ); }; };
		22F08D5615E61B40003E8456 /* hmac.h in Headers */ = {isa = PBXBuildFile; fileRef = 22F08D2415E61B40003E8456 /* hmac.h */; };
		22F08D5715E61B40003E8456 /* sha1.c in Sources */ = {isa = PBXBuildFile; fileRef = 22F08D2515E61B40003E8456 /* sha1.c */; };
		22F08D5815E61B40003E8456 /* sha1.c in Sources */ = {isa = PBXBuildFile; fileRef = 22F08D2515E61B40003E8456 /* sha1.c */; };
		22F08D5915E61B40003E8456 /* sha1.h in Headers */ = {isa = PBXBuildFile; fileRef = 22F08D2615E61B40003E8456 /* sha1.h */; settings = {ATTRIBUTES = (Public, ); }; };
		22F08D5A15E61B40003E8456 /* sha1.h in Headers */ = {isa = PBXBuildFile; fileRef = 22F08D2615E61B40003E8456 /* sha1.h */; };
		22F08D5B15E61B40003E8456 /* OAAttachment.h in Headers */ = {isa = PBXBuildFile; fileRef = 22F08D2715E61B40003E8456 /* OAAttachment.h */; settings = {ATTRIBUTES = (Public, ); }; };
		22F08D5C15E61B40003E8456 /* OAAttachment.h in Headers */ = {isa = PBXBuildFile; fileRef = 22F08D2715E61B40003E8456 /* OAAttachment.h */; };
		22F08D5D15E61B40003E8456 /* OAAttachment.m in Sources */ = {isa = PBXBuildFile; fileRef = 22F08D2815E61B40003E8456 /* OAAttachment.m */; };
		22F08D5E15E61B40003E8456 /* OAAttachment.m in Sources */ = {isa = PBXBuildFile; fileRef = 22F08D2815E61B40003E8456 /* OAAttachment.m */; };
		22F08D5F15E61B40003E8456 /* OACall.h in Headers */ = {isa = PBXBuildFile; fileRef = 22F08D2915E61B40003E8456 /* OACall.h */; settings = {ATTRIBUTES = (Public, ); }; };
		22F08D6015E61B40003E8456 /* OACall.h in Headers */ = {isa = PBXBuildFile; fileRef = 22F08D2915E61B40003E8456 /* OACall.h */; };
		22F08D6115E61B40003E8456 /* OACall.m in Sources */ = {isa = PBXBuildFile; fileRef = 22F08D2A15E61B40003E8456 /* OACall.m */; };
		22F08D6215E61B40003E8456 /* OACall.m in Sources */ = {isa = PBXBuildFile; fileRef = 22F08D2A15E61B40003E8456 /* OACall.m */; };
		22F08D6315E61B40003E8456 /* OAConsumer.h in Headers */ = {isa = PBXBuildFile; fileRef = 22F08D2B15E61B40003E8456 /* OAConsumer.h */; settings = {ATTRIBUTES = (Public, ); }; };
		22F08D6415E61B40003E8456 /* OAConsumer.h in Headers */ = {isa = PBXBuildFile; fileRef = 22F08D2B15E61B40003E8456 /* OAConsumer.h */; };
		22F08D6515E61B40003E8456 /* OAConsumer.m in Sources */ = {isa = PBXBuildFile; fileRef = 22F08D2C15E61B40003E8456 /* OAConsumer.m */; };
		22F08D6615E61B40003E8456 /* OAConsumer.m in Sources */ = {isa = PBXBuildFile; fileRef = 22F08D2C15E61B40003E8456 /* OAConsumer.m */; };
		22F08D6715E61B40003E8456 /* OADataFetcher.h in Headers */ = {isa = PBXBuildFile; fileRef = 22F08D2D15E61B40003E8456 /* OADataFetcher.h */; settings = {ATTRIBUTES = (Public, ); }; };
		22F08D6815E61B40003E8456 /* OADataFetcher.h in Headers */ = {isa = PBXBuildFile; fileRef = 22F08D2D15E61B40003E8456 /* OADataFetcher.h */; };
		22F08D6915E61B40003E8456 /* OADataFetcher.m in Sources */ = {isa = PBXBuildFile; fileRef = 22F08D2E15E61B40003E8456 /* OADataFetcher.m */; };
		22F08D6A15E61B40003E8456 /* OADataFetcher.m in Sources */ = {isa = PBXBuildFile; fileRef = 22F08D2E15E61B40003E8456 /* OADataFetcher.m */; };
		22F08D6B15E61B40003E8456 /* OAHMAC_SHA1SignatureProvider.h in Headers */ = {isa = PBXBuildFile; fileRef = 22F08D2F15E61B40003E8456 /* OAHMAC_SHA1SignatureProvider.h */; settings = {ATTRIBUTES = (Public, ); }; };
		22F08D6C15E61B40003E8456 /* OAHMAC_SHA1SignatureProvider.h in Headers */ = {isa = PBXBuildFile; fileRef = 22F08D2F15E61B40003E8456 /* OAHMAC_SHA1SignatureProvider.h */; };
		22F08D6D15E61B40003E8456 /* OAHMAC_SHA1SignatureProvider.m in Sources */ = {isa = PBXBuildFile; fileRef = 22F08D3015E61B40003E8456 /* OAHMAC_SHA1SignatureProvider.m */; };
		22F08D6E15E61B40003E8456 /* OAHMAC_SHA1SignatureProvider.m in Sources */ = {isa = PBXBuildFile; fileRef = 22F08D3015E61B40003E8456 /* OAHMAC_SHA1SignatureProvider.m */; };
		22F08D6F15E61B40003E8456 /* OAMutableURLRequest.h in Headers */ = {isa = PBXBuildFile; fileRef = 22F08D3115E61B40003E8456 /* OAMutableURLRequest.h */; settings = {ATTRIBUTES = (Public, ); }; };
		22F08D7015E61B40003E8456 /* OAMutableURLRequest.h in Headers */ = {isa = PBXBuildFile; fileRef = 22F08D3115E61B40003E8456 /* OAMutableURLRequest.h */; };
		22F08D7115E61B40003E8456 /* OAMutableURLRequest.m in Sources */ = {isa = PBXBuildFile; fileRef = 22F08D3215E61B40003E8456 /* OAMutableURLRequest.m */; };
		22F08D7215E61B40003E8456 /* OAMutableURLRequest.m in Sources */ = {isa = PBXBuildFile; fileRef = 22F08D3215E61B40003E8456 /* OAMutableURLRequest.m */; };
		22F08D7315E61B40003E8456 /* OAPlaintextSignatureProvider.h in Headers */ = {isa = PBXBuildFile; fileRef = 22F08D3315E61B40003E8456 /* OAPlaintextSignatureProvider.h */; settings = {ATTRIBUTES = (Public, ); }; };
		22F08D7415E61B40003E8456 /* OAPlaintextSignatureProvider.h in Headers */ = {isa = PBXBuildFile; fileRef = 22F08D3315E61B40003E8456 /* OAPlaintextSignatureProvider.h */; };
		22F08D7515E61B40003E8456 /* OAPlaintextSignatureProvider.m in Sources */ = {isa = PBXBuildFile; fileRef = 22F08D3415E61B40003E8456 /* OAPlaintextSignatureProvider.m */; };
		22F08D7615E61B40003E8456 /* OAPlaintextSignatureProvider.m in Sources */ = {isa = PBXBuildFile; fileRef = 22F08D3415E61B40003E8456 /* OAPlaintextSignatureProvider.m */; };
		22F08D7715E61B40003E8456 /* OAProblem.h in Headers */ = {isa = PBXBuildFile; fileRef = 22F08D3515E61B40003E8456 /* OAProblem.h */; settings = {ATTRIBUTES = (Public, ); }; };
		22F08D7815E61B40003E8456 /* OAProblem.h in Headers */ = {isa = PBXBuildFile; fileRef = 22F08D3515E61B40003E8456 /* OAProblem.h */; };
		22F08D7915E61B40003E8456 /* OAProblem.m in Sources */ = {isa = PBXBuildFile; fileRef = 22F08D3615E61B40003E8456 /* OAProblem.m */; };
		22F08D7A15E61B40003E8456 /* OAProblem.m in Sources */ = {isa = PBXBuildFile; fileRef = 22F08D3615E61B40003E8456 /* OAProblem.m */; };
		22F08D7B15E61B40003E8456 /* OARequestParameter.h in Headers */ = {isa = PBXBuildFile; fileRef = 22F08D3715E61B40003E8456 /* OARequestParameter.h */; settings = {ATTRIBUTES = (Public, ); }; };
		22F08D7C15E61B40003E8456 /* OARequestParameter.h in Headers */ = {isa = PBXBuildFile; fileRef = 22F08D3715E61B40003E8456 /* OARequestParameter.h */; };
		22F08D7D15E61B40003E8456 /* OARequestParameter.m in Sources */ = {isa = PBXBuildFile; fileRef = 22F08D3815E61B40003E8456 /* OARequestParameter.m */; };
		22F08D7E15E61B40003E8456 /* OARequestParameter.m in Sources */ = {isa = PBXBuildFile; fileRef = 22F08D3815E61B40003E8456 /* OARequestParameter.m */; };
		22F08D7F15E61B40003E8456 /* OAServiceTicket.h in Headers */ = {isa = PBXBuildFile; fileRef = 22F08D3915E61B40003E8456 /* OAServiceTicket.h */; settings = {ATTRIBUTES = (Public, ); }; };
		22F08D8015E61B40003E8456 /* OAServiceTicket.h in Headers */ = {isa = PBXBuildFile; fileRef = 22F08D3915E61B40003E8456 /* OAServiceTicket.h */; };
		22F08D8115E61B40003E8456 /* OAServiceTicket.m in Sources */ = {isa = PBXBuildFile; fileRef = 22F08D3A15E61B40003E8456 /* OAServiceTicket.m */; };
		22F08D8215E61B40003E8456 /* OAServiceTicket.m in Sources */ = {isa = PBXBuildFile; fileRef = 22F08D3A15E61B40003E8456 /* OAServiceTicket.m */; };
		22F08D8315E61B40003E8456 /* OASignatureProviding.h in Headers */ = {isa = PBXBuildFile; fileRef = 22F08D3B15E61B40003E8456 /* OASignatureProviding.h */; settings = {ATTRIBUTES = (Public, ); }; };
		22F08D8415E61B40003E8456 /* OASignatureProviding.h in Headers */ = {isa = PBXBuildFile; fileRef = 22F08D3B15E61B40003E8456 /* OASignatureProviding.h */; };
		22F08D8515E61B40003E8456 /* OATestServer.rb in Resources */ = {isa = PBXBuildFile; fileRef = 22F08D3C15E61B40003E8456 /* OATestServer.rb */; };
		22F08D8615E61B40003E8456 /* OATestServer.rb in Resources */ = {isa = PBXBuildFile; fileRef = 22F08D3C15E61B40003E8456 /* OATestServer.rb */; };
		22F08D8715E61B40003E8456 /* OAToken.h in Headers */ = {isa = PBXBuildFile; fileRef = 22F08D3D15E61B40003E8456 /* OAToken.h */; settings = {ATTRIBUTES = (Public, ); }; };
		22F08D8815E61B40003E8456 /* OAToken.h in Headers */ = {isa = PBXBuildFile; fileRef = 22F08D3D15E61B40003E8456 /* OAToken.h */; };
		22F08D8915E61B40003E8456 /* OAToken.m in Sources */ = {isa = PBXBuildFile; fileRef = 22F08D3E15E61B40003E8456 /* OAToken.m */; };
		22F08D8A15E61B40003E8456 /* OAToken.m in Sources */ = {isa = PBXBuildFile; fileRef = 22F08D3E15E61B40003E8456 /* OAToken.m */; };
		22F08D8B15E61B40003E8456 /* OATokenManager.h in Headers */ = {isa = PBXBuildFile; fileRef = 22F08D3F15E61B40003E8456 /* OATokenManager.h */; settings = {ATTRIBUTES = (Public, ); }; };
		22F08D8C15E61B40003E8456 /* OATokenManager.h in Headers */ = {isa = PBXBuildFile; fileRef = 22F08D3F15E61B40003E8456 /* OATokenManager.h */; };
		22F08D8D15E61B40003E8456 /* OATokenManager.m in Sources */ = {isa = PBXBuildFile; fileRef = 22F08D4015E61B40003E8456 /* OATokenManager.m */; };
		22F08D8E15E61B40003E8456 /* OATokenManager.m in Sources */ = {isa = PBXBuildFile; fileRef = 22F08D4015E61B40003E8456 /* OATokenManager.m */; };
		22F08D8F15E61B40003E8456 /* OAuthConsumer.h in Headers */ = {isa = PBXBuildFile; fileRef = 22F08D4115E61B40003E8456 /* OAuthConsumer.h */; settings = {ATTRIBUTES = (Public, ); }; };
		22F08D9015E61B40003E8456 /* OAuthConsumer.h in Headers */ = {isa = PBXBuildFile; fileRef = 22F08D4115E61B40003E8456 /* OAuthConsumer.h */; };
		22F08D9415E61F5C003E8456 /* ECOAuthConsumer.h in Headers */ = {isa = PBXBuildFile; fileRef = 22F08D9315E61F5C003E8456 /* ECOAuthConsumer.h */; settings = {ATTRIBUTES = (Public, ); }; };
		22F08D9515E61F5C003E8456 /* ECOAuthConsumer.h in Headers */ = {isa = PBXBuildFile; fileRef = 22F08D9315E61F5C003E8456 /* ECOAuthConsumer.h */; settings = {ATTRIBUTES = (Public, ); }; };
/* End PBXBuildFile section */

/* Begin PBXCopyFilesBuildPhase section */
		2251BBA015DC183000F2FE40 /* CopyFiles */ = {
			isa = PBXCopyFilesBuildPhase;
			buildActionMask = 2147483647;
			dstPath = "";
			dstSubfolderSpec = 10;
			files = (
				220D699D15DC510900CCC17C /* ECOAuthConsumer.framework in CopyFiles */,
				220D699915DC248300CCC17C /* ECConfig.framework in CopyFiles */,
				220D699A15DC248300CCC17C /* ECUnitTests.framework in CopyFiles */,
			);
			runOnlyForDeploymentPostprocessing = 0;
		};
/* End PBXCopyFilesBuildPhase section */

/* Begin PBXFileReference section */
		0867D69BFE84028FC02AAC07 /* Foundation.framework */ = {isa = PBXFileReference; lastKnownFileType = wrapper.framework; name = Foundation.framework; path = /System/Library/Frameworks/Foundation.framework; sourceTree = "<absolute>"; };
		1058C7B1FEA5585E11CA2CBB /* Cocoa.framework */ = {isa = PBXFileReference; lastKnownFileType = wrapper.framework; name = Cocoa.framework; path = /System/Library/Frameworks/Cocoa.framework; sourceTree = "<absolute>"; };
		2229674F1354EDC5005F42E7 /* CoreFoundation.framework */ = {isa = PBXFileReference; lastKnownFileType = wrapper.framework; name = CoreFoundation.framework; path = System/Library/Frameworks/CoreFoundation.framework; sourceTree = SDKROOT; };
		2237ECE314F5644C00085BF5 /* Foundation.framework */ = {isa = PBXFileReference; lastKnownFileType = wrapper.framework; name = Foundation.framework; path = System/Library/Frameworks/Foundation.framework; sourceTree = SDKROOT; };
		223CBAE61205C6380008A641 /* Foundation.framework */ = {isa = PBXFileReference; lastKnownFileType = wrapper.framework; name = Foundation.framework; path = System/Library/Frameworks/Foundation.framework; sourceTree = SDKROOT; };
		2251B9FF15DBCC3E00F2FE40 /* ECOAuthConsumer.framework */ = {isa = PBXFileReference; explicitFileType = wrapper.framework; includeInIndex = 0; path = ECOAuthConsumer.framework; sourceTree = BUILT_PRODUCTS_DIR; };
		2251BA1215DBCC4A00F2FE40 /* ECOAuthConsumer.framework */ = {isa = PBXFileReference; explicitFileType = wrapper.cfbundle; includeInIndex = 0; path = ECOAuthConsumer.framework; sourceTree = BUILT_PRODUCTS_DIR; };
		2251BA1315DBCC4A00F2FE40 /* CoreFoundation.framework */ = {isa = PBXFileReference; lastKnownFileType = wrapper.framework; name = CoreFoundation.framework; path = System/Library/Frameworks/CoreFoundation.framework; sourceTree = SDKROOT; };
		2251BA4315DBCD3900F2FE40 /* IOSDebug.xcconfig */ = {isa = PBXFileReference; lastKnownFileType = text.xcconfig; path = IOSDebug.xcconfig; sourceTree = "<group>"; };
		2251BA4415DBCD3900F2FE40 /* IOSRelease.xcconfig */ = {isa = PBXFileReference; lastKnownFileType = text.xcconfig; path = IOSRelease.xcconfig; sourceTree = "<group>"; };
		2251BA4515DBCD3900F2FE40 /* MacDebug.xcconfig */ = {isa = PBXFileReference; lastKnownFileType = text.xcconfig; path = MacDebug.xcconfig; sourceTree = "<group>"; };
		2251BA4615DBCD3900F2FE40 /* MacRelease.xcconfig */ = {isa = PBXFileReference; lastKnownFileType = text.xcconfig; path = MacRelease.xcconfig; sourceTree = "<group>"; };
		2251BA5C15DBD68500F2FE40 /* IOSUnitTestDebug.xcconfig */ = {isa = PBXFileReference; lastKnownFileType = text.xcconfig; path = IOSUnitTestDebug.xcconfig; sourceTree = "<group>"; };
		2251BA5D15DBD68500F2FE40 /* IOSUnitTestRelease.xcconfig */ = {isa = PBXFileReference; lastKnownFileType = text.xcconfig; path = IOSUnitTestRelease.xcconfig; sourceTree = "<group>"; };
		2251BA5E15DBD68500F2FE40 /* MacUnitTestDebug.xcconfig */ = {isa = PBXFileReference; lastKnownFileType = text.xcconfig; path = MacUnitTestDebug.xcconfig; sourceTree = "<group>"; };
		2251BA5F15DBD68500F2FE40 /* MacUnitTestRelease.xcconfig */ = {isa = PBXFileReference; lastKnownFileType = text.xcconfig; path = MacUnitTestRelease.xcconfig; sourceTree = "<group>"; };
		2251BA6C15DBDA5100F2FE40 /* Info.plist */ = {isa = PBXFileReference; fileEncoding = 4; lastKnownFileType = text.plist.xml; path = Info.plist; sourceTree = "<group>"; };
		2251BBA615DC18ED00F2FE40 /* ECUnitTests.framework */ = {isa = PBXFileReference; lastKnownFileType = wrapper.framework; path = ECUnitTests.framework; sourceTree = BUILT_PRODUCTS_DIR; };
		2251BBAD15DC1B4E00F2FE40 /* ECConfig.framework */ = {isa = PBXFileReference; lastKnownFileType = wrapper.framework; path = ECConfig.framework; sourceTree = BUILT_PRODUCTS_DIR; };
		22552BC7134B9E5300B8894E /* UIKit.framework */ = {isa = PBXFileReference; lastKnownFileType = wrapper.framework; name = UIKit.framework; path = System/Library/Frameworks/UIKit.framework; sourceTree = SDKROOT; };
		22552BC9134B9E5300B8894E /* Foundation.framework */ = {isa = PBXFileReference; lastKnownFileType = wrapper.framework; name = Foundation.framework; path = System/Library/Frameworks/Foundation.framework; sourceTree = SDKROOT; };
		22552BCB134B9E5300B8894E /* CoreGraphics.framework */ = {isa = PBXFileReference; lastKnownFileType = wrapper.framework; name = CoreGraphics.framework; path = System/Library/Frameworks/CoreGraphics.framework; sourceTree = SDKROOT; };
		22552BE6134BA0C900B8894E /* CoreLocation.framework */ = {isa = PBXFileReference; lastKnownFileType = wrapper.framework; name = CoreLocation.framework; path = Platforms/iPhoneOS.platform/Developer/SDKs/iPhoneOS4.3.sdk/System/Library/Frameworks/CoreLocation.framework; sourceTree = DEVELOPER_DIR; };
		22552C12134BA18A00B8894E /* CoreLocation.framework */ = {isa = PBXFileReference; lastKnownFileType = wrapper.framework; name = CoreLocation.framework; path = SDKs/MacOSX10.6.sdk/System/Library/Frameworks/CoreLocation.framework; sourceTree = DEVELOPER_DIR; };
		225EC67211EBAA4800A97AEA /* ECLoggingMacTests.octest */ = {isa = PBXFileReference; explicitFileType = wrapper.cfbundle; includeInIndex = 0; path = ECLoggingMacTests.octest; sourceTree = BUILT_PRODUCTS_DIR; };
		22602234141F8A160044644C /* Carbon.framework */ = {isa = PBXFileReference; lastKnownFileType = wrapper.framework; name = Carbon.framework; path = SDKs/MacOSX10.7.sdk/System/Library/Frameworks/Carbon.framework; sourceTree = DEVELOPER_DIR; };
		22602236141F8A230044644C /* IOKit.framework */ = {isa = PBXFileReference; lastKnownFileType = wrapper.framework; name = IOKit.framework; path = SDKs/MacOSX10.7.sdk/System/Library/Frameworks/IOKit.framework; sourceTree = DEVELOPER_DIR; };
		22602238141F8A460044644C /* Security.framework */ = {isa = PBXFileReference; lastKnownFileType = wrapper.framework; name = Security.framework; path = SDKs/MacOSX10.7.sdk/System/Library/Frameworks/Security.framework; sourceTree = DEVELOPER_DIR; };
		2260223A141F8A4E0044644C /* libcrypto.dylib */ = {isa = PBXFileReference; lastKnownFileType = "compiled.mach-o.dylib"; name = libcrypto.dylib; path = SDKs/MacOSX10.7.sdk/usr/lib/libcrypto.dylib; sourceTree = DEVELOPER_DIR; };
		227333B811EBBA3000695FB4 /* GHUnit.framework */ = {isa = PBXFileReference; lastKnownFileType = wrapper.framework; name = GHUnit.framework; path = Library/Frameworks/GHUnit.framework; sourceTree = SDKROOT; };
		2274B38D14F56896003B8A0B /* ECLoggingIOSTests.octest */ = {isa = PBXFileReference; explicitFileType = wrapper.cfbundle; includeInIndex = 0; path = ECLoggingIOSTests.octest; sourceTree = BUILT_PRODUCTS_DIR; };
		2274B38F14F56896003B8A0B /* UIKit.framework */ = {isa = PBXFileReference; lastKnownFileType = wrapper.framework; name = UIKit.framework; path = Library/Frameworks/UIKit.framework; sourceTree = DEVELOPER_DIR; };
		2283A3BB14F52E93009142F7 /* Cocoa.framework */ = {isa = PBXFileReference; lastKnownFileType = wrapper.framework; name = Cocoa.framework; path = System/Library/Frameworks/Cocoa.framework; sourceTree = SDKROOT; };
		2283A3BE14F52E93009142F7 /* AppKit.framework */ = {isa = PBXFileReference; lastKnownFileType = wrapper.framework; name = AppKit.framework; path = System/Library/Frameworks/AppKit.framework; sourceTree = SDKROOT; };
		2283A3BF14F52E93009142F7 /* CoreData.framework */ = {isa = PBXFileReference; lastKnownFileType = wrapper.framework; name = CoreData.framework; path = System/Library/Frameworks/CoreData.framework; sourceTree = SDKROOT; };
		2283A3C014F52E93009142F7 /* Foundation.framework */ = {isa = PBXFileReference; lastKnownFileType = wrapper.framework; name = Foundation.framework; path = System/Library/Frameworks/Foundation.framework; sourceTree = SDKROOT; };
		2283A3CD14F52E93009142F7 /* SenTestingKit.framework */ = {isa = PBXFileReference; lastKnownFileType = wrapper.framework; name = SenTestingKit.framework; path = Library/Frameworks/SenTestingKit.framework; sourceTree = DEVELOPER_DIR; };
		2283A4CB14F53C6F009142F7 /* ECOAuthConsumerShared.pch */ = {isa = PBXFileReference; fileEncoding = 4; lastKnownFileType = sourcecode.c.h; path = ECOAuthConsumerShared.pch; sourceTree = "<group>"; };
		22970D3C14F5AA80007B254B /* ECOAuthConsumerDebug.pch */ = {isa = PBXFileReference; fileEncoding = 4; lastKnownFileType = sourcecode.c.h; path = ECOAuthConsumerDebug.pch; sourceTree = "<group>"; };
		22970D3D14F5AA80007B254B /* ECOAuthConsumerRelease.pch */ = {isa = PBXFileReference; fileEncoding = 4; lastKnownFileType = sourcecode.c.h; path = ECOAuthConsumerRelease.pch; sourceTree = "<group>"; };
		22BE50B8149662D0007CC214 /* CoreText.framework */ = {isa = PBXFileReference; lastKnownFileType = wrapper.framework; name = CoreText.framework; path = Platforms/iPhoneOS.platform/Developer/SDKs/iPhoneOS5.1.sdk/System/Library/Frameworks/CoreText.framework; sourceTree = DEVELOPER_DIR; };
		22BE51331496BD00007CC214 /* CoreData.framework */ = {isa = PBXFileReference; lastKnownFileType = wrapper.framework; name = CoreData.framework; path = Platforms/iPhoneOS.platform/Developer/SDKs/iPhoneOS5.1.sdk/System/Library/Frameworks/CoreData.framework; sourceTree = DEVELOPER_DIR; };
		22BE51351496BD25007CC214 /* QuartzCore.framework */ = {isa = PBXFileReference; lastKnownFileType = wrapper.framework; name = QuartzCore.framework; path = Platforms/iPhoneOS.platform/Developer/SDKs/iPhoneOS5.1.sdk/System/Library/Frameworks/QuartzCore.framework; sourceTree = DEVELOPER_DIR; };
		22EC40A61358A0D1005C1F1A /* SystemConfiguration.framework */ = {isa = PBXFileReference; lastKnownFileType = wrapper.framework; name = SystemConfiguration.framework; path = SDKs/MacOSX10.6.sdk/System/Library/Frameworks/SystemConfiguration.framework; sourceTree = DEVELOPER_DIR; };
		22F08D1A15E61B40003E8456 /* NSMutableURLRequest+Parameters.h */ = {isa = PBXFileReference; fileEncoding = 4; lastKnownFileType = sourcecode.c.h; path = "NSMutableURLRequest+Parameters.h"; sourceTree = "<group>"; };
		22F08D1B15E61B40003E8456 /* NSMutableURLRequest+Parameters.m */ = {isa = PBXFileReference; fileEncoding = 4; lastKnownFileType = sourcecode.c.objc; path = "NSMutableURLRequest+Parameters.m"; sourceTree = "<group>"; };
		22F08D1C15E61B40003E8456 /* NSString+URLEncoding.h */ = {isa = PBXFileReference; fileEncoding = 4; lastKnownFileType = sourcecode.c.h; path = "NSString+URLEncoding.h"; sourceTree = "<group>"; };
		22F08D1D15E61B40003E8456 /* NSString+URLEncoding.m */ = {isa = PBXFileReference; fileEncoding = 4; lastKnownFileType = sourcecode.c.objc; path = "NSString+URLEncoding.m"; sourceTree = "<group>"; };
		22F08D1E15E61B40003E8456 /* NSURL+Base.h */ = {isa = PBXFileReference; fileEncoding = 4; lastKnownFileType = sourcecode.c.h; path = "NSURL+Base.h"; sourceTree = "<group>"; };
		22F08D1F15E61B40003E8456 /* NSURL+Base.m */ = {isa = PBXFileReference; fileEncoding = 4; lastKnownFileType = sourcecode.c.objc; path = "NSURL+Base.m"; sourceTree = "<group>"; };
		22F08D2115E61B40003E8456 /* Base64Transcoder.c */ = {isa = PBXFileReference; fileEncoding = 4; lastKnownFileType = sourcecode.c.c; path = Base64Transcoder.c; sourceTree = "<group>"; };
		22F08D2215E61B40003E8456 /* Base64Transcoder.h */ = {isa = PBXFileReference; fileEncoding = 4; lastKnownFileType = sourcecode.c.h; path = Base64Transcoder.h; sourceTree = "<group>"; };
		22F08D2315E61B40003E8456 /* hmac.c */ = {isa = PBXFileReference; fileEncoding = 4; lastKnownFileType = sourcecode.c.c; path = hmac.c; sourceTree = "<group>"; };
		22F08D2415E61B40003E8456 /* hmac.h */ = {isa = PBXFileReference; fileEncoding = 4; lastKnownFileType = sourcecode.c.h; path = hmac.h; sourceTree = "<group>"; };
		22F08D2515E61B40003E8456 /* sha1.c */ = {isa = PBXFileReference; fileEncoding = 4; lastKnownFileType = sourcecode.c.c; path = sha1.c; sourceTree = "<group>"; };
		22F08D2615E61B40003E8456 /* sha1.h */ = {isa = PBXFileReference; fileEncoding = 4; lastKnownFileType = sourcecode.c.h; path = sha1.h; sourceTree = "<group>"; };
		22F08D2715E61B40003E8456 /* OAAttachment.h */ = {isa = PBXFileReference; fileEncoding = 4; lastKnownFileType = sourcecode.c.h; path = OAAttachment.h; sourceTree = "<group>"; };
		22F08D2815E61B40003E8456 /* OAAttachment.m */ = {isa = PBXFileReference; fileEncoding = 4; lastKnownFileType = sourcecode.c.objc; path = OAAttachment.m; sourceTree = "<group>"; };
		22F08D2915E61B40003E8456 /* OACall.h */ = {isa = PBXFileReference; fileEncoding = 4; lastKnownFileType = sourcecode.c.h; path = OACall.h; sourceTree = "<group>"; };
		22F08D2A15E61B40003E8456 /* OACall.m */ = {isa = PBXFileReference; fileEncoding = 4; lastKnownFileType = sourcecode.c.objc; path = OACall.m; sourceTree = "<group>"; };
		22F08D2B15E61B40003E8456 /* OAConsumer.h */ = {isa = PBXFileReference; fileEncoding = 4; lastKnownFileType = sourcecode.c.h; path = OAConsumer.h; sourceTree = "<group>"; };
		22F08D2C15E61B40003E8456 /* OAConsumer.m */ = {isa = PBXFileReference; fileEncoding = 4; lastKnownFileType = sourcecode.c.objc; path = OAConsumer.m; sourceTree = "<group>"; };
		22F08D2D15E61B40003E8456 /* OADataFetcher.h */ = {isa = PBXFileReference; fileEncoding = 4; lastKnownFileType = sourcecode.c.h; path = OADataFetcher.h; sourceTree = "<group>"; };
		22F08D2E15E61B40003E8456 /* OADataFetcher.m */ = {isa = PBXFileReference; fileEncoding = 4; lastKnownFileType = sourcecode.c.objc; path = OADataFetcher.m; sourceTree = "<group>"; };
		22F08D2F15E61B40003E8456 /* OAHMAC_SHA1SignatureProvider.h */ = {isa = PBXFileReference; fileEncoding = 4; lastKnownFileType = sourcecode.c.h; path = OAHMAC_SHA1SignatureProvider.h; sourceTree = "<group>"; };
		22F08D3015E61B40003E8456 /* OAHMAC_SHA1SignatureProvider.m */ = {isa = PBXFileReference; fileEncoding = 4; lastKnownFileType = sourcecode.c.objc; path = OAHMAC_SHA1SignatureProvider.m; sourceTree = "<group>"; };
		22F08D3115E61B40003E8456 /* OAMutableURLRequest.h */ = {isa = PBXFileReference; fileEncoding = 4; lastKnownFileType = sourcecode.c.h; path = OAMutableURLRequest.h; sourceTree = "<group>"; };
		22F08D3215E61B40003E8456 /* OAMutableURLRequest.m */ = {isa = PBXFileReference; fileEncoding = 4; lastKnownFileType = sourcecode.c.objc; path = OAMutableURLRequest.m; sourceTree = "<group>"; };
		22F08D3315E61B40003E8456 /* OAPlaintextSignatureProvider.h */ = {isa = PBXFileReference; fileEncoding = 4; lastKnownFileType = sourcecode.c.h; path = OAPlaintextSignatureProvider.h; sourceTree = "<group>"; };
		22F08D3415E61B40003E8456 /* OAPlaintextSignatureProvider.m */ = {isa = PBXFileReference; fileEncoding = 4; lastKnownFileType = sourcecode.c.objc; path = OAPlaintextSignatureProvider.m; sourceTree = "<group>"; };
		22F08D3515E61B40003E8456 /* OAProblem.h */ = {isa = PBXFileReference; fileEncoding = 4; lastKnownFileType = sourcecode.c.h; path = OAProblem.h; sourceTree = "<group>"; };
		22F08D3615E61B40003E8456 /* OAProblem.m */ = {isa = PBXFileReference; fileEncoding = 4; lastKnownFileType = sourcecode.c.objc; path = OAProblem.m; sourceTree = "<group>"; };
		22F08D3715E61B40003E8456 /* OARequestParameter.h */ = {isa = PBXFileReference; fileEncoding = 4; lastKnownFileType = sourcecode.c.h; path = OARequestParameter.h; sourceTree = "<group>"; };
		22F08D3815E61B40003E8456 /* OARequestParameter.m */ = {isa = PBXFileReference; fileEncoding = 4; lastKnownFileType = sourcecode.c.objc; path = OARequestParameter.m; sourceTree = "<group>"; };
		22F08D3915E61B40003E8456 /* OAServiceTicket.h */ = {isa = PBXFileReference; fileEncoding = 4; lastKnownFileType = sourcecode.c.h; path = OAServiceTicket.h; sourceTree = "<group>"; };
		22F08D3A15E61B40003E8456 /* OAServiceTicket.m */ = {isa = PBXFileReference; fileEncoding = 4; lastKnownFileType = sourcecode.c.objc; path = OAServiceTicket.m; sourceTree = "<group>"; };
		22F08D3B15E61B40003E8456 /* OASignatureProviding.h */ = {isa = PBXFileReference; fileEncoding = 4; lastKnownFileType = sourcecode.c.h; path = OASignatureProviding.h; sourceTree = "<group>"; };
		22F08D3C15E61B40003E8456 /* OATestServer.rb */ = {isa = PBXFileReference; fileEncoding = 4; lastKnownFileType = text.script.ruby; path = OATestServer.rb; sourceTree = "<group>"; };
		22F08D3D15E61B40003E8456 /* OAToken.h */ = {isa = PBXFileReference; fileEncoding = 4; lastKnownFileType = sourcecode.c.h; path = OAToken.h; sourceTree = "<group>"; };
		22F08D3E15E61B40003E8456 /* OAToken.m */ = {isa = PBXFileReference; fileEncoding = 4; lastKnownFileType = sourcecode.c.objc; path = OAToken.m; sourceTree = "<group>"; };
		22F08D3F15E61B40003E8456 /* OATokenManager.h */ = {isa = PBXFileReference; fileEncoding = 4; lastKnownFileType = sourcecode.c.h; path = OATokenManager.h; sourceTree = "<group>"; };
		22F08D4015E61B40003E8456 /* OATokenManager.m */ = {isa = PBXFileReference; fileEncoding = 4; lastKnownFileType = sourcecode.c.objc; path = OATokenManager.m; sourceTree = "<group>"; };
		22F08D4115E61B40003E8456 /* OAuthConsumer.h */ = {isa = PBXFileReference; fileEncoding = 4; lastKnownFileType = sourcecode.c.h; path = OAuthConsumer.h; sourceTree = "<group>"; };
		22F08D4215E61B40003E8456 /* README */ = {isa = PBXFileReference; fileEncoding = 4; lastKnownFileType = text; path = README; sourceTree = "<group>"; };
		22F08D9315E61F5C003E8456 /* ECOAuthConsumer.h */ = {isa = PBXFileReference; fileEncoding = 4; lastKnownFileType = sourcecode.c.h; name = ECOAuthConsumer.h; path = Generic/ECOAuthConsumer.h; sourceTree = "<group>"; };
		22FAC46C132149E900103630 /* CoreLocation.framework */ = {isa = PBXFileReference; lastKnownFileType = wrapper.framework; name = CoreLocation.framework; path = SDKs/MacOSX10.6.sdk/System/Library/Frameworks/CoreLocation.framework; sourceTree = DEVELOPER_DIR; };
/* End PBXFileReference section */

/* Begin PBXFrameworksBuildPhase section */
		2251B9FB15DBCC3E00F2FE40 /* Frameworks */ = {
			isa = PBXFrameworksBuildPhase;
			buildActionMask = 2147483647;
			files = (
				2251BA0015DBCC3E00F2FE40 /* Cocoa.framework in Frameworks */,
			);
			runOnlyForDeploymentPostprocessing = 0;
		};
		2251BA0F15DBCC4A00F2FE40 /* Frameworks */ = {
			isa = PBXFrameworksBuildPhase;
			buildActionMask = 2147483647;
			files = (
			);
			runOnlyForDeploymentPostprocessing = 0;
		};
		225EC66F11EBAA4800A97AEA /* Frameworks */ = {
			isa = PBXFrameworksBuildPhase;
			buildActionMask = 2147483647;
			files = (
				220D699C15DC50CE00CCC17C /* ECUnitTests.framework in Frameworks */,
				2251BA6415DBD9A600F2FE40 /* ECOAuthConsumer.framework in Frameworks */,
				2268499F14F5722300B8691A /* Cocoa.framework in Frameworks */,
				2268499E14F5720600B8691A /* SenTestingKit.framework in Frameworks */,
			);
			runOnlyForDeploymentPostprocessing = 0;
		};
		2274B38914F56896003B8A0B /* Frameworks */ = {
			isa = PBXFrameworksBuildPhase;
			buildActionMask = 2147483647;
			files = (
				22339C3A15DEC1E30017BC6B /* ECUnitTests.framework in Frameworks */,
				22339C3915DEC1C60017BC6B /* ECOAuthConsumer.framework in Frameworks */,
				2274B38E14F56896003B8A0B /* SenTestingKit.framework in Frameworks */,
				2274B39014F56896003B8A0B /* UIKit.framework in Frameworks */,
				2274B39114F56896003B8A0B /* Foundation.framework in Frameworks */,
			);
			runOnlyForDeploymentPostprocessing = 0;
		};
/* End PBXFrameworksBuildPhase section */

/* Begin PBXGroup section */
		034768DFFF38A50411DB9C8B /* Products */ = {
			isa = PBXGroup;
			children = (
				225EC67211EBAA4800A97AEA /* ECLoggingMacTests.octest */,
				2274B38D14F56896003B8A0B /* ECLoggingIOSTests.octest */,
				2251B9FF15DBCC3E00F2FE40 /* ECOAuthConsumer.framework */,
				2251BA1215DBCC4A00F2FE40 /* ECOAuthConsumer.framework */,
			);
			name = Products;
			path = ../..;
			sourceTree = BUILT_PRODUCTS_DIR;
		};
		0867D691FE84028FC02AAC07 /* ECFoundation */ = {
			isa = PBXGroup;
			children = (
				22BBB10114F646D20086974D /* Source */,
				2274B37714F56679003B8A0B /* Resources */,
				0867D69AFE84028FC02AAC07 /* Frameworks */,
				034768DFFF38A50411DB9C8B /* Products */,
			);
			name = ECFoundation;
			sourceTree = "<group>";
			usesTabs = 1;
		};
		0867D69AFE84028FC02AAC07 /* Frameworks */ = {
			isa = PBXGroup;
			children = (
				2251BBAD15DC1B4E00F2FE40 /* ECConfig.framework */,
				2251BBA615DC18ED00F2FE40 /* ECUnitTests.framework */,
				223CBAE11205C5930008A641 /* iOS */,
				1058C7B0FEA5585E11CA2CBB /* MacOS */,
				1058C7B2FEA5585E11CA2CBB /* Testing */,
				2283A3BB14F52E93009142F7 /* Cocoa.framework */,
				2283A3CD14F52E93009142F7 /* SenTestingKit.framework */,
				2237ECE314F5644C00085BF5 /* Foundation.framework */,
				2274B38F14F56896003B8A0B /* UIKit.framework */,
				2251BA1315DBCC4A00F2FE40 /* CoreFoundation.framework */,
				2283A3BD14F52E93009142F7 /* Other Frameworks */,
			);
			name = Frameworks;
			sourceTree = "<group>";
		};
		1058C7B0FEA5585E11CA2CBB /* MacOS */ = {
			isa = PBXGroup;
			children = (
				2260223A141F8A4E0044644C /* libcrypto.dylib */,
				22602238141F8A460044644C /* Security.framework */,
				22602236141F8A230044644C /* IOKit.framework */,
				22602234141F8A160044644C /* Carbon.framework */,
				2229674F1354EDC5005F42E7 /* CoreFoundation.framework */,
				22EC40A61358A0D1005C1F1A /* SystemConfiguration.framework */,
				22552C12134BA18A00B8894E /* CoreLocation.framework */,
				22FAC46C132149E900103630 /* CoreLocation.framework */,
				0867D69BFE84028FC02AAC07 /* Foundation.framework */,
				1058C7B1FEA5585E11CA2CBB /* Cocoa.framework */,
			);
			name = MacOS;
			sourceTree = "<group>";
		};
		1058C7B2FEA5585E11CA2CBB /* Testing */ = {
			isa = PBXGroup;
			children = (
				227333B811EBBA3000695FB4 /* GHUnit.framework */,
			);
			name = Testing;
			sourceTree = "<group>";
		};
		223CBAE11205C5930008A641 /* iOS */ = {
			isa = PBXGroup;
			children = (
				22BE51351496BD25007CC214 /* QuartzCore.framework */,
				22BE51331496BD00007CC214 /* CoreData.framework */,
				22BE50B8149662D0007CC214 /* CoreText.framework */,
				22552BC7134B9E5300B8894E /* UIKit.framework */,
				22552BC9134B9E5300B8894E /* Foundation.framework */,
				22552BCB134B9E5300B8894E /* CoreGraphics.framework */,
				22552BE6134BA0C900B8894E /* CoreLocation.framework */,
				223CBAE61205C6380008A641 /* Foundation.framework */,
			);
			name = iOS;
			sourceTree = "<group>";
		};
		2251BA4215DBCD3900F2FE40 /* Configuration */ = {
			isa = PBXGroup;
			children = (
				2251BA4315DBCD3900F2FE40 /* IOSDebug.xcconfig */,
				2251BA4415DBCD3900F2FE40 /* IOSRelease.xcconfig */,
				2251BA4515DBCD3900F2FE40 /* MacDebug.xcconfig */,
				2251BA4615DBCD3900F2FE40 /* MacRelease.xcconfig */,
				2251BA5C15DBD68500F2FE40 /* IOSUnitTestDebug.xcconfig */,
				2251BA5D15DBD68500F2FE40 /* IOSUnitTestRelease.xcconfig */,
				2251BA5E15DBD68500F2FE40 /* MacUnitTestDebug.xcconfig */,
				2251BA5F15DBD68500F2FE40 /* MacUnitTestRelease.xcconfig */,
			);
			path = Configuration;
			sourceTree = "<group>";
		};
		2274B37714F56679003B8A0B /* Resources */ = {
			isa = PBXGroup;
			children = (
				2251BA6C15DBDA5100F2FE40 /* Info.plist */,
			);
			path = Resources;
			sourceTree = "<group>";
		};
		2283A3BD14F52E93009142F7 /* Other Frameworks */ = {
			isa = PBXGroup;
			children = (
				2283A3BE14F52E93009142F7 /* AppKit.framework */,
				2283A3BF14F52E93009142F7 /* CoreData.framework */,
				2283A3C014F52E93009142F7 /* Foundation.framework */,
			);
			name = "Other Frameworks";
			sourceTree = "<group>";
		};
		2283A4C814F53C6F009142F7 /* Prefix */ = {
			isa = PBXGroup;
			children = (
				22970D3C14F5AA80007B254B /* ECOAuthConsumerDebug.pch */,
				22970D3D14F5AA80007B254B /* ECOAuthConsumerRelease.pch */,
				2283A4CB14F53C6F009142F7 /* ECOAuthConsumerShared.pch */,
			);
			path = Prefix;
			sourceTree = "<group>";
		};
		22BBB10114F646D20086974D /* Source */ = {
			isa = PBXGroup;
			children = (
				22F08D9315E61F5C003E8456 /* ECOAuthConsumer.h */,
				22F08D1815E61B40003E8456 /* OAuthConsumer */,
				2251BA4215DBCD3900F2FE40 /* Configuration */,
				2283A4C814F53C6F009142F7 /* Prefix */,
			);
			path = Source;
			sourceTree = "<group>";
		};
		22F08D1815E61B40003E8456 /* OAuthConsumer */ = {
			isa = PBXGroup;
			children = (
				22F08D1915E61B40003E8456 /* Categories */,
				22F08D2015E61B40003E8456 /* Crypto */,
				22F08D2715E61B40003E8456 /* OAAttachment.h */,
				22F08D2815E61B40003E8456 /* OAAttachment.m */,
				22F08D2915E61B40003E8456 /* OACall.h */,
				22F08D2A15E61B40003E8456 /* OACall.m */,
				22F08D2B15E61B40003E8456 /* OAConsumer.h */,
				22F08D2C15E61B40003E8456 /* OAConsumer.m */,
				22F08D2D15E61B40003E8456 /* OADataFetcher.h */,
				22F08D2E15E61B40003E8456 /* OADataFetcher.m */,
				22F08D2F15E61B40003E8456 /* OAHMAC_SHA1SignatureProvider.h */,
				22F08D3015E61B40003E8456 /* OAHMAC_SHA1SignatureProvider.m */,
				22F08D3115E61B40003E8456 /* OAMutableURLRequest.h */,
				22F08D3215E61B40003E8456 /* OAMutableURLRequest.m */,
				22F08D3315E61B40003E8456 /* OAPlaintextSignatureProvider.h */,
				22F08D3415E61B40003E8456 /* OAPlaintextSignatureProvider.m */,
				22F08D3515E61B40003E8456 /* OAProblem.h */,
				22F08D3615E61B40003E8456 /* OAProblem.m */,
				22F08D3715E61B40003E8456 /* OARequestParameter.h */,
				22F08D3815E61B40003E8456 /* OARequestParameter.m */,
				22F08D3915E61B40003E8456 /* OAServiceTicket.h */,
				22F08D3A15E61B40003E8456 /* OAServiceTicket.m */,
				22F08D3B15E61B40003E8456 /* OASignatureProviding.h */,
				22F08D3C15E61B40003E8456 /* OATestServer.rb */,
				22F08D3D15E61B40003E8456 /* OAToken.h */,
				22F08D3E15E61B40003E8456 /* OAToken.m */,
				22F08D3F15E61B40003E8456 /* OATokenManager.h */,
				22F08D4015E61B40003E8456 /* OATokenManager.m */,
				22F08D4115E61B40003E8456 /* OAuthConsumer.h */,
				22F08D4215E61B40003E8456 /* README */,
			);
			path = OAuthConsumer;
			sourceTree = "<group>";
		};
		22F08D1915E61B40003E8456 /* Categories */ = {
			isa = PBXGroup;
			children = (
				22F08D1A15E61B40003E8456 /* NSMutableURLRequest+Parameters.h */,
				22F08D1B15E61B40003E8456 /* NSMutableURLRequest+Parameters.m */,
				22F08D1C15E61B40003E8456 /* NSString+URLEncoding.h */,
				22F08D1D15E61B40003E8456 /* NSString+URLEncoding.m */,
				22F08D1E15E61B40003E8456 /* NSURL+Base.h */,
				22F08D1F15E61B40003E8456 /* NSURL+Base.m */,
			);
			path = Categories;
			sourceTree = "<group>";
		};
		22F08D2015E61B40003E8456 /* Crypto */ = {
			isa = PBXGroup;
			children = (
				22F08D2115E61B40003E8456 /* Base64Transcoder.c */,
				22F08D2215E61B40003E8456 /* Base64Transcoder.h */,
				22F08D2315E61B40003E8456 /* hmac.c */,
				22F08D2415E61B40003E8456 /* hmac.h */,
				22F08D2515E61B40003E8456 /* sha1.c */,
				22F08D2615E61B40003E8456 /* sha1.h */,
			);
			path = Crypto;
			sourceTree = "<group>";
		};
/* End PBXGroup section */

/* Begin PBXHeadersBuildPhase section */
		2251B9FC15DBCC3E00F2FE40 /* Headers */ = {
			isa = PBXHeadersBuildPhase;
			buildActionMask = 2147483647;
			files = (
				22F08D4315E61B40003E8456 /* NSMutableURLRequest+Parameters.h in Headers */,
				22F08D4715E61B40003E8456 /* NSString+URLEncoding.h in Headers */,
				22F08D4B15E61B40003E8456 /* NSURL+Base.h in Headers */,
				22F08D5115E61B40003E8456 /* Base64Transcoder.h in Headers */,
				22F08D5515E61B40003E8456 /* hmac.h in Headers */,
				22F08D5915E61B40003E8456 /* sha1.h in Headers */,
				22F08D5B15E61B40003E8456 /* OAAttachment.h in Headers */,
				22F08D5F15E61B40003E8456 /* OACall.h in Headers */,
				22F08D6315E61B40003E8456 /* OAConsumer.h in Headers */,
				22F08D6715E61B40003E8456 /* OADataFetcher.h in Headers */,
				22F08D6B15E61B40003E8456 /* OAHMAC_SHA1SignatureProvider.h in Headers */,
				22F08D6F15E61B40003E8456 /* OAMutableURLRequest.h in Headers */,
				22F08D7315E61B40003E8456 /* OAPlaintextSignatureProvider.h in Headers */,
				22F08D7715E61B40003E8456 /* OAProblem.h in Headers */,
				22F08D7B15E61B40003E8456 /* OARequestParameter.h in Headers */,
				22F08D7F15E61B40003E8456 /* OAServiceTicket.h in Headers */,
				22F08D8315E61B40003E8456 /* OASignatureProviding.h in Headers */,
				22F08D8715E61B40003E8456 /* OAToken.h in Headers */,
				22F08D8B15E61B40003E8456 /* OATokenManager.h in Headers */,
				22F08D8F15E61B40003E8456 /* OAuthConsumer.h in Headers */,
				22F08D9415E61F5C003E8456 /* ECOAuthConsumer.h in Headers */,
			);
			runOnlyForDeploymentPostprocessing = 0;
		};
		2251BA7A15DBDC2100F2FE40 /* Headers */ = {
			isa = PBXHeadersBuildPhase;
			buildActionMask = 2147483647;
			files = (
				22F08D4415E61B40003E8456 /* NSMutableURLRequest+Parameters.h in Headers */,
				22F08D4815E61B40003E8456 /* NSString+URLEncoding.h in Headers */,
				22F08D4C15E61B40003E8456 /* NSURL+Base.h in Headers */,
				22F08D5215E61B40003E8456 /* Base64Transcoder.h in Headers */,
				22F08D5615E61B40003E8456 /* hmac.h in Headers */,
				22F08D5A15E61B40003E8456 /* sha1.h in Headers */,
				22F08D5C15E61B40003E8456 /* OAAttachment.h in Headers */,
				22F08D6015E61B40003E8456 /* OACall.h in Headers */,
				22F08D6415E61B40003E8456 /* OAConsumer.h in Headers */,
				22F08D6815E61B40003E8456 /* OADataFetcher.h in Headers */,
				22F08D6C15E61B40003E8456 /* OAHMAC_SHA1SignatureProvider.h in Headers */,
				22F08D7015E61B40003E8456 /* OAMutableURLRequest.h in Headers */,
				22F08D7415E61B40003E8456 /* OAPlaintextSignatureProvider.h in Headers */,
				22F08D7815E61B40003E8456 /* OAProblem.h in Headers */,
				22F08D7C15E61B40003E8456 /* OARequestParameter.h in Headers */,
				22F08D8015E61B40003E8456 /* OAServiceTicket.h in Headers */,
				22F08D8415E61B40003E8456 /* OASignatureProviding.h in Headers */,
				22F08D8815E61B40003E8456 /* OAToken.h in Headers */,
				22F08D8C15E61B40003E8456 /* OATokenManager.h in Headers */,
				22F08D9015E61B40003E8456 /* OAuthConsumer.h in Headers */,
				22F08D9515E61F5C003E8456 /* ECOAuthConsumer.h in Headers */,
			);
			runOnlyForDeploymentPostprocessing = 0;
		};
/* End PBXHeadersBuildPhase section */

/* Begin PBXNativeTarget section */
		2251B9FE15DBCC3E00F2FE40 /* ECOAuthConsumerMac */ = {
			isa = PBXNativeTarget;
			buildConfigurationList = 2251BA0B15DBCC3E00F2FE40 /* Build configuration list for PBXNativeTarget "ECOAuthConsumerMac" */;
			buildPhases = (
				2251B9FA15DBCC3E00F2FE40 /* Sources */,
				2251B9FB15DBCC3E00F2FE40 /* Frameworks */,
				2251B9FC15DBCC3E00F2FE40 /* Headers */,
				2251B9FD15DBCC3E00F2FE40 /* Resources */,
			);
			buildRules = (
			);
			dependencies = (
			);
			name = ECOAuthConsumerMac;
			productName = MacFramework;
			productReference = 2251B9FF15DBCC3E00F2FE40 /* ECOAuthConsumer.framework */;
			productType = "com.apple.product-type.framework";
		};
		2251BA1115DBCC4A00F2FE40 /* ECOAuthConsumerIOS */ = {
			isa = PBXNativeTarget;
			buildConfigurationList = 2251BA1C15DBCC4A00F2FE40 /* Build configuration list for PBXNativeTarget "ECOAuthConsumerIOS" */;
			buildPhases = (
				2251BA0E15DBCC4A00F2FE40 /* Sources */,
				2251BA7A15DBDC2100F2FE40 /* Headers */,
				2251BA0F15DBCC4A00F2FE40 /* Frameworks */,
				2251BA1015DBCC4A00F2FE40 /* Resources */,
				2251BA7815DBDBE300F2FE40 /* ShellScript */,
			);
			buildRules = (
			);
			dependencies = (
			);
			name = ECOAuthConsumerIOS;
			productName = "iOS Bundle";
			productReference = 2251BA1215DBCC4A00F2FE40 /* ECOAuthConsumer.framework */;
			productType = "com.apple.product-type.bundle";
		};
		225EC67111EBAA4800A97AEA /* ECOAuthConsumerMacTests */ = {
			isa = PBXNativeTarget;
			buildConfigurationList = 225EC67611EBAA4800A97AEA /* Build configuration list for PBXNativeTarget "ECOAuthConsumerMacTests" */;
			buildPhases = (
				225EC66D11EBAA4800A97AEA /* Resources */,
				225EC66E11EBAA4800A97AEA /* Sources */,
				225EC66F11EBAA4800A97AEA /* Frameworks */,
				225EC67011EBAA4800A97AEA /* ShellScript */,
				2251BBA015DC183000F2FE40 /* CopyFiles */,
			);
			buildRules = (
			);
			dependencies = (
			);
			name = ECOAuthConsumerMacTests;
			productName = "EC Foundation Unit Tests";
			productReference = 225EC67211EBAA4800A97AEA /* ECLoggingMacTests.octest */;
			productType = "com.apple.product-type.bundle";
		};
		2274B38C14F56896003B8A0B /* ECOAuthConsumerIOSTests */ = {
			isa = PBXNativeTarget;
			buildConfigurationList = 2274B3A114F56896003B8A0B /* Build configuration list for PBXNativeTarget "ECOAuthConsumerIOSTests" */;
			buildPhases = (
				2274B38814F56896003B8A0B /* Sources */,
				2274B38914F56896003B8A0B /* Frameworks */,
				2274B38A14F56896003B8A0B /* Resources */,
				2274B38B14F56896003B8A0B /* ShellScript */,
			);
			buildRules = (
			);
			dependencies = (
			);
			name = ECOAuthConsumerIOSTests;
			productName = blahTests;
			productReference = 2274B38D14F56896003B8A0B /* ECLoggingIOSTests.octest */;
			productType = "com.apple.product-type.bundle";
		};
/* End PBXNativeTarget section */

/* Begin PBXProject section */
		0867D690FE84028FC02AAC07 /* Project object */ = {
			isa = PBXProject;
			attributes = {
				LastUpgradeCheck = 0440;
				ORGANIZATIONNAME = "Elegant Chaos";
			};
			buildConfigurationList = 1DEB91B108733DA50010E9CD /* Build configuration list for PBXProject "ECOAuthConsumer" */;
			compatibilityVersion = "Xcode 3.2";
			developmentRegion = English;
			hasScannedForEncodings = 1;
			knownRegions = (
				English,
				Japanese,
				French,
				German,
				en,
				ec,
			);
			mainGroup = 0867D691FE84028FC02AAC07 /* ECFoundation */;
			productRefGroup = 034768DFFF38A50411DB9C8B /* Products */;
			projectDirPath = "";
			projectRoot = "";
			targets = (
				2251B9FE15DBCC3E00F2FE40 /* ECOAuthConsumerMac */,
				225EC67111EBAA4800A97AEA /* ECOAuthConsumerMacTests */,
				2251BA1115DBCC4A00F2FE40 /* ECOAuthConsumerIOS */,
				2274B38C14F56896003B8A0B /* ECOAuthConsumerIOSTests */,
			);
		};
/* End PBXProject section */

/* Begin PBXResourcesBuildPhase section */
		2251B9FD15DBCC3E00F2FE40 /* Resources */ = {
			isa = PBXResourcesBuildPhase;
			buildActionMask = 2147483647;
			files = (
				22F08D8515E61B40003E8456 /* OATestServer.rb in Resources */,
			);
			runOnlyForDeploymentPostprocessing = 0;
		};
		2251BA1015DBCC4A00F2FE40 /* Resources */ = {
			isa = PBXResourcesBuildPhase;
			buildActionMask = 2147483647;
			files = (
				22F08D8615E61B40003E8456 /* OATestServer.rb in Resources */,
			);
			runOnlyForDeploymentPostprocessing = 0;
		};
		225EC66D11EBAA4800A97AEA /* Resources */ = {
			isa = PBXResourcesBuildPhase;
			buildActionMask = 2147483647;
			files = (
			);
			runOnlyForDeploymentPostprocessing = 0;
		};
		2274B38A14F56896003B8A0B /* Resources */ = {
			isa = PBXResourcesBuildPhase;
			buildActionMask = 2147483647;
			files = (
			);
			runOnlyForDeploymentPostprocessing = 0;
		};
/* End PBXResourcesBuildPhase section */

/* Begin PBXShellScriptBuildPhase section */
		2251BA7815DBDBE300F2FE40 /* ShellScript */ = {
			isa = PBXShellScriptBuildPhase;
			buildActionMask = 2147483647;
			files = (
			);
			inputPaths = (
			);
			outputPaths = (
			);
			runOnlyForDeploymentPostprocessing = 0;
			shellPath = /bin/sh;
			shellScript = "\"${ECCONFIG_SCRIPTS_PATH}/package-pseudo-framework.sh\"";
			showEnvVarsInLog = 0;
		};
		225EC67011EBAA4800A97AEA /* ShellScript */ = {
			isa = PBXShellScriptBuildPhase;
			buildActionMask = 2147483647;
			files = (
			);
			inputPaths = (
			);
			outputPaths = (
			);
			runOnlyForDeploymentPostprocessing = 0;
			shellPath = /bin/sh;
			shellScript = "# Run the unit tests in this test bundle.\n\"${SYSTEM_DEVELOPER_DIR}/Tools/RunUnitTests\"\n";
			showEnvVarsInLog = 0;
		};
		2274B38B14F56896003B8A0B /* ShellScript */ = {
			isa = PBXShellScriptBuildPhase;
			buildActionMask = 2147483647;
			files = (
			);
			inputPaths = (
			);
			outputPaths = (
			);
			runOnlyForDeploymentPostprocessing = 0;
			shellPath = /bin/sh;
			shellScript = "# Run the unit tests in this test bundle.\n\"${SYSTEM_DEVELOPER_DIR}/Tools/RunUnitTests\"\n";
			showEnvVarsInLog = 0;
		};
/* End PBXShellScriptBuildPhase section */

/* Begin PBXSourcesBuildPhase section */
		2251B9FA15DBCC3E00F2FE40 /* Sources */ = {
			isa = PBXSourcesBuildPhase;
			buildActionMask = 2147483647;
			files = (
				22F08D4515E61B40003E8456 /* NSMutableURLRequest+Parameters.m in Sources */,
				22F08D4915E61B40003E8456 /* NSString+URLEncoding.m in Sources */,
				22F08D4D15E61B40003E8456 /* NSURL+Base.m in Sources */,
				22F08D4F15E61B40003E8456 /* Base64Transcoder.c in Sources */,
				22F08D5315E61B40003E8456 /* hmac.c in Sources */,
				22F08D5715E61B40003E8456 /* sha1.c in Sources */,
				22F08D5D15E61B40003E8456 /* OAAttachment.m in Sources */,
				22F08D6115E61B40003E8456 /* OACall.m in Sources */,
				22F08D6515E61B40003E8456 /* OAConsumer.m in Sources */,
				22F08D6915E61B40003E8456 /* OADataFetcher.m in Sources */,
				22F08D6D15E61B40003E8456 /* OAHMAC_SHA1SignatureProvider.m in Sources */,
				22F08D7115E61B40003E8456 /* OAMutableURLRequest.m in Sources */,
				22F08D7515E61B40003E8456 /* OAPlaintextSignatureProvider.m in Sources */,
				22F08D7915E61B40003E8456 /* OAProblem.m in Sources */,
				22F08D7D15E61B40003E8456 /* OARequestParameter.m in Sources */,
				22F08D8115E61B40003E8456 /* OAServiceTicket.m in Sources */,
				22F08D8915E61B40003E8456 /* OAToken.m in Sources */,
				22F08D8D15E61B40003E8456 /* OATokenManager.m in Sources */,
			);
			runOnlyForDeploymentPostprocessing = 0;
		};
		2251BA0E15DBCC4A00F2FE40 /* Sources */ = {
			isa = PBXSourcesBuildPhase;
			buildActionMask = 2147483647;
			files = (
				22F08D4615E61B40003E8456 /* NSMutableURLRequest+Parameters.m in Sources */,
				22F08D4A15E61B40003E8456 /* NSString+URLEncoding.m in Sources */,
				22F08D4E15E61B40003E8456 /* NSURL+Base.m in Sources */,
				22F08D5015E61B40003E8456 /* Base64Transcoder.c in Sources */,
				22F08D5415E61B40003E8456 /* hmac.c in Sources */,
				22F08D5815E61B40003E8456 /* sha1.c in Sources */,
				22F08D5E15E61B40003E8456 /* OAAttachment.m in Sources */,
				22F08D6215E61B40003E8456 /* OACall.m in Sources */,
				22F08D6615E61B40003E8456 /* OAConsumer.m in Sources */,
				22F08D6A15E61B40003E8456 /* OADataFetcher.m in Sources */,
				22F08D6E15E61B40003E8456 /* OAHMAC_SHA1SignatureProvider.m in Sources */,
				22F08D7215E61B40003E8456 /* OAMutableURLRequest.m in Sources */,
				22F08D7615E61B40003E8456 /* OAPlaintextSignatureProvider.m in Sources */,
				22F08D7A15E61B40003E8456 /* OAProblem.m in Sources */,
				22F08D7E15E61B40003E8456 /* OARequestParameter.m in Sources */,
				22F08D8215E61B40003E8456 /* OAServiceTicket.m in Sources */,
				22F08D8A15E61B40003E8456 /* OAToken.m in Sources */,
				22F08D8E15E61B40003E8456 /* OATokenManager.m in Sources */,
			);
			runOnlyForDeploymentPostprocessing = 0;
		};
		225EC66E11EBAA4800A97AEA /* Sources */ = {
			isa = PBXSourcesBuildPhase;
			buildActionMask = 2147483647;
			files = (
			);
			runOnlyForDeploymentPostprocessing = 0;
		};
		2274B38814F56896003B8A0B /* Sources */ = {
			isa = PBXSourcesBuildPhase;
			buildActionMask = 2147483647;
			files = (
			);
			runOnlyForDeploymentPostprocessing = 0;
		};
/* End PBXSourcesBuildPhase section */

/* Begin XCBuildConfiguration section */
		1DEB91B208733DA50010E9CD /* Debug */ = {
			isa = XCBuildConfiguration;
			buildSettings = {
			};
			name = Debug;
		};
		1DEB91B308733DA50010E9CD /* Release */ = {
			isa = XCBuildConfiguration;
			buildSettings = {
			};
			name = Release;
		};
		2251BA0C15DBCC3E00F2FE40 /* Debug */ = {
			isa = XCBuildConfiguration;
			baseConfigurationReference = 2251BA4515DBCD3900F2FE40 /* MacDebug.xcconfig */;
			buildSettings = {
				ARCHS = "$(ARCHS_STANDARD_64_BIT)";
				COMBINE_HIDPI_IMAGES = YES;
				GCC_SYMBOLS_PRIVATE_EXTERN = NO;
			};
			name = Debug;
		};
		2251BA0D15DBCC3E00F2FE40 /* Release */ = {
			isa = XCBuildConfiguration;
			baseConfigurationReference = 2251BA4615DBCD3900F2FE40 /* MacRelease.xcconfig */;
			buildSettings = {
				ARCHS = "$(ARCHS_STANDARD_64_BIT)";
				COMBINE_HIDPI_IMAGES = YES;
				DEBUG_INFORMATION_FORMAT = "dwarf-with-dsym";
			};
			name = Release;
		};
		2251BA1D15DBCC4A00F2FE40 /* Debug */ = {
			isa = XCBuildConfiguration;
			baseConfigurationReference = 2251BA4415DBCD3900F2FE40 /* IOSRelease.xcconfig */;
			buildSettings = {
			};
			name = Debug;
		};
		2251BA1E15DBCC4A00F2FE40 /* Release */ = {
			isa = XCBuildConfiguration;
			baseConfigurationReference = 2251BA4415DBCD3900F2FE40 /* IOSRelease.xcconfig */;
			buildSettings = {
			};
			name = Release;
		};
		225EC67411EBAA4800A97AEA /* Debug */ = {
			isa = XCBuildConfiguration;
			baseConfigurationReference = 2251BA5E15DBD68500F2FE40 /* MacUnitTestDebug.xcconfig */;
			buildSettings = {
				COMBINE_HIDPI_IMAGES = YES;
				INFOPLIST_FILE = Resources/ECLoggingTests.plist;
				LD_RUNPATH_SEARCH_PATHS = "@loader_path/../Frameworks";
			};
			name = Debug;
		};
		225EC67511EBAA4800A97AEA /* Release */ = {
			isa = XCBuildConfiguration;
			baseConfigurationReference = 2251BA5F15DBD68500F2FE40 /* MacUnitTestRelease.xcconfig */;
			buildSettings = {
				COMBINE_HIDPI_IMAGES = YES;
				INFOPLIST_FILE = Resources/ECLoggingTests.plist;
				LD_RUNPATH_SEARCH_PATHS = "@loader_path/../Frameworks";
			};
			name = Release;
		};
		2274B3A214F56896003B8A0B /* Debug */ = {
			isa = XCBuildConfiguration;
			baseConfigurationReference = 2251BA5C15DBD68500F2FE40 /* IOSUnitTestDebug.xcconfig */;
			buildSettings = {
				INFOPLIST_FILE = Resources/ECLoggingTests.plist;
			};
			name = Debug;
		};
		2274B3A314F56896003B8A0B /* Release */ = {
			isa = XCBuildConfiguration;
			baseConfigurationReference = 2251BA5D15DBD68500F2FE40 /* IOSUnitTestRelease.xcconfig */;
			buildSettings = {
				INFOPLIST_FILE = Resources/ECLoggingTests.plist;
			};
			name = Release;
		};
/* End XCBuildConfiguration section */

/* Begin XCConfigurationList section */
		1DEB91B108733DA50010E9CD /* Build configuration list for PBXProject "ECOAuthConsumer" */ = {
			isa = XCConfigurationList;
			buildConfigurations = (
				1DEB91B208733DA50010E9CD /* Debug */,
				1DEB91B308733DA50010E9CD /* Release */,
			);
			defaultConfigurationIsVisible = 0;
			defaultConfigurationName = Debug;
		};
		2251BA0B15DBCC3E00F2FE40 /* Build configuration list for PBXNativeTarget "ECOAuthConsumerMac" */ = {
			isa = XCConfigurationList;
			buildConfigurations = (
				2251BA0C15DBCC3E00F2FE40 /* Debug */,
				2251BA0D15DBCC3E00F2FE40 /* Release */,
			);
			defaultConfigurationIsVisible = 0;
			defaultConfigurationName = Debug;
		};
		2251BA1C15DBCC4A00F2FE40 /* Build configuration list for PBXNativeTarget "ECOAuthConsumerIOS" */ = {
			isa = XCConfigurationList;
			buildConfigurations = (
				2251BA1D15DBCC4A00F2FE40 /* Debug */,
				2251BA1E15DBCC4A00F2FE40 /* Release */,
			);
			defaultConfigurationIsVisible = 0;
			defaultConfigurationName = Debug;
		};
		225EC67611EBAA4800A97AEA /* Build configuration list for PBXNativeTarget "ECOAuthConsumerMacTests" */ = {
			isa = XCConfigurationList;
			buildConfigurations = (
				225EC67411EBAA4800A97AEA /* Debug */,
				225EC67511EBAA4800A97AEA /* Release */,
			);
			defaultConfigurationIsVisible = 0;
			defaultConfigurationName = Debug;
		};
		2274B3A114F56896003B8A0B /* Build configuration list for PBXNativeTarget "ECOAuthConsumerIOSTests" */ = {
			isa = XCConfigurationList;
			buildConfigurations = (
				2274B3A214F56896003B8A0B /* Debug */,
				2274B3A314F56896003B8A0B /* Release */,
			);
			defaultConfigurationIsVisible = 0;
			defaultConfigurationName = Debug;
		};
/* End XCConfigurationList section */
	};
	rootObject = 0867D690FE84028FC02AAC07 /* Project object */;
}
